
Microsoft Visual Studio Solution File, Format Version 12.00
# Visual Studio 14
VisualStudioVersion = 14.0.24720.0
MinimumVisualStudioVersion = 10.0.40219.1
Project("{2150E333-8FDC-42A3-9474-1A3956D46DE8}") = "src", "src", "{00E7198F-C74F-4482-BBF6-2CB24BF3FD06}"
EndProject
Project("{2150E333-8FDC-42A3-9474-1A3956D46DE8}") = "Solution Items", "Solution Items", "{FEA1D488-411F-4B1C-A944-BFF08847F317}"
	ProjectSection(SolutionItems) = preProject
		global.json = global.json
	EndProjectSection
EndProject
Project("{8BB2217D-0F2D-49D1-97BC-3654ED321F3B}") = "Angular2StartupAspNet5", "src\Angular2StartupAspNet5\Angular2StartupAspNet5.xproj", "{5358BCF9-7EB5-47D5-B2DB-0F8219C75767}"
EndProject
Global
	GlobalSection(SolutionConfigurationPlatforms) = preSolution
		Debug|Any CPU = Debug|Any CPU
		Release|Any CPU = Release|Any CPU
	EndGlobalSection
	GlobalSection(ProjectConfigurationPlatforms) = postSolution
		{5358BCF9-7EB5-47D5-B2DB-0F8219C75767}.Debug|Any CPU.ActiveCfg = Debug|Any CPU
		{5358BCF9-7EB5-47D5-B2DB-0F8219C75767}.Debug|Any CPU.Build.0 = Debug|Any CPU
		{5358BCF9-7EB5-47D5-B2DB-0F8219C75767}.Release|Any CPU.ActiveCfg = Release|Any CPU
		{5358BCF9-7EB5-47D5-B2DB-0F8219C75767}.Release|Any CPU.Build.0 = Release|Any CPU
	EndGlobalSection
	GlobalSection(SolutionProperties) = preSolution
		HideSolutionNode = FALSE
	EndGlobalSection
	GlobalSection(NestedProjects) = preSolution
		{5358BCF9-7EB5-47D5-B2DB-0F8219C75767} = {00E7198F-C74F-4482-BBF6-2CB24BF3FD06}
	EndGlobalSection
EndGlobal
